
Microsoft Visual Studio Solution File, Format Version 12.00
# Visual Studio Version 17
VisualStudioVersion = 17.8.34330.188
MinimumVisualStudioVersion = 10.0.40219.1
Project("{FAE04EC0-301F-11D3-BF4B-00C04F79EFBC}") = "ParkingMallBeckend", "ParkingMallBeckend.csproj", "{314ECC59-3F2E-49B3-99EF-3A260783D928}"
EndProject
Global
	GlobalSection(SolutionConfigurationPlatforms) = preSolution
		Debug|Any CPU = Debug|Any CPU
		Release|Any CPU = Release|Any CPU
	EndGlobalSection
	GlobalSection(ProjectConfigurationPlatforms) = postSolution
		{314ECC59-3F2E-49B3-99EF-3A260783D928}.Debug|Any CPU.ActiveCfg = Debug|Any CPU
		{314ECC59-3F2E-49B3-99EF-3A260783D928}.Debug|Any CPU.Build.0 = Debug|Any CPU
		{314ECC59-3F2E-49B3-99EF-3A260783D928}.Release|Any CPU.ActiveCfg = Release|Any CPU
		{314ECC59-3F2E-49B3-99EF-3A260783D928}.Release|Any CPU.Build.0 = Release|Any CPU
	EndGlobalSection
	GlobalSection(SolutionProperties) = preSolution
		HideSolutionNode = FALSE
	EndGlobalSection
	GlobalSection(ExtensibilityGlobals) = postSolution
		SolutionGuid = {24E599EE-3E37-4BFD-8F7D-59B380D5BADF}
	EndGlobalSection
EndGlobal
